
Microsoft Visual Studio Solution File, Format Version 12.00
# Visual Studio Version 17
VisualStudioVersion = 17.7.34024.191
MinimumVisualStudioVersion = 10.0.40219.1
Project("{9A19103F-16F7-4668-BE54-9A1E7A4F7556}") = "AntiTask.Api", "AntiTask.Api.csproj", "{72D5F58B-90EF-4CB3-9BE5-0179A7F2D9B9}"
EndProject
Project("{2150E333-8FDC-42A3-9474-1A3956D46DE8}") = "Core", "Core", "{36E1C7B0-F50F-4098-A2CD-5B31B78B05D0}"
EndProject
Project("{2150E333-8FDC-42A3-9474-1A3956D46DE8}") = "Infrastructure", "Infrastructure", "{D2C5F9AE-46C6-4D03-870C-4AF199A9F621}"
EndProject
Project("{2150E333-8FDC-42A3-9474-1A3956D46DE8}") = "Test", "Test", "{1E371838-12CD-4569-BE60-EE72D027B3FF}"
EndProject
Project("{9A19103F-16F7-4668-BE54-9A1E7A4F7556}") = "AntiTask.Application", "..\AntiTask.Application\AntiTask.Application.csproj", "{A65A4906-A573-4F2A-80F2-C87ABCD8AE69}"
EndProject
Project("{9A19103F-16F7-4668-BE54-9A1E7A4F7556}") = "AntiTask.Domain", "..\AntiTask.Domain\AntiTask.Domain.csproj", "{DACC6A0D-7578-45D0-A960-D0DD4CF988E1}"
EndProject
Project("{9A19103F-16F7-4668-BE54-9A1E7A4F7556}") = "AntiTask.Infrastructure", "..\AntiTask.Infrastructure\AntiTask.Infrastructure.csproj", "{329C5970-B37F-4075-ABCE-FD26764B806C}"
EndProject
Project("{9A19103F-16F7-4668-BE54-9A1E7A4F7556}") = "AntiTask.Security", "..\AntiTask.Security\AntiTask.Security.csproj", "{11108520-D83A-4EC3-A727-69B25FAC7ED7}"
EndProject
Project("{9A19103F-16F7-4668-BE54-9A1E7A4F7556}") = "AntiTask.Persistance", "..\AntiTask.Persistance\AntiTask.Persistance.csproj", "{D4C31938-7898-4D73-8C98-C3E63244B601}"
EndProject
Project("{9A19103F-16F7-4668-BE54-9A1E7A4F7556}") = "AntiTask.ScheduleTaskJobs", "..\AntiTask.ScheduleTaskJobs\AntiTask.ScheduleTaskJobs.csproj", "{6572809E-D4A9-454B-912A-3B4BE03659FD}"
EndProject
Project("{9A19103F-16F7-4668-BE54-9A1E7A4F7556}") = "AntiTask.Application.UnitTest", "..\AntiTask.Application.UnitTest\AntiTask.Application.UnitTest.csproj", "{29C84D92-7699-444D-8B33-07FAAAB1352B}"
EndProject
Global
	GlobalSection(SolutionConfigurationPlatforms) = preSolution
		Debug|Any CPU = Debug|Any CPU
		Release|Any CPU = Release|Any CPU
	EndGlobalSection
	GlobalSection(ProjectConfigurationPlatforms) = postSolution
		{72D5F58B-90EF-4CB3-9BE5-0179A7F2D9B9}.Debug|Any CPU.ActiveCfg = Debug|Any CPU
		{72D5F58B-90EF-4CB3-9BE5-0179A7F2D9B9}.Debug|Any CPU.Build.0 = Debug|Any CPU
		{72D5F58B-90EF-4CB3-9BE5-0179A7F2D9B9}.Release|Any CPU.ActiveCfg = Release|Any CPU
		{72D5F58B-90EF-4CB3-9BE5-0179A7F2D9B9}.Release|Any CPU.Build.0 = Release|Any CPU
		{A65A4906-A573-4F2A-80F2-C87ABCD8AE69}.Debug|Any CPU.ActiveCfg = Debug|Any CPU
		{A65A4906-A573-4F2A-80F2-C87ABCD8AE69}.Debug|Any CPU.Build.0 = Debug|Any CPU
		{A65A4906-A573-4F2A-80F2-C87ABCD8AE69}.Release|Any CPU.ActiveCfg = Release|Any CPU
		{A65A4906-A573-4F2A-80F2-C87ABCD8AE69}.Release|Any CPU.Build.0 = Release|Any CPU
		{DACC6A0D-7578-45D0-A960-D0DD4CF988E1}.Debug|Any CPU.ActiveCfg = Debug|Any CPU
		{DACC6A0D-7578-45D0-A960-D0DD4CF988E1}.Debug|Any CPU.Build.0 = Debug|Any CPU
		{DACC6A0D-7578-45D0-A960-D0DD4CF988E1}.Release|Any CPU.ActiveCfg = Release|Any CPU
		{DACC6A0D-7578-45D0-A960-D0DD4CF988E1}.Release|Any CPU.Build.0 = Release|Any CPU
		{329C5970-B37F-4075-ABCE-FD26764B806C}.Debug|Any CPU.ActiveCfg = Debug|Any CPU
		{329C5970-B37F-4075-ABCE-FD26764B806C}.Debug|Any CPU.Build.0 = Debug|Any CPU
		{329C5970-B37F-4075-ABCE-FD26764B806C}.Release|Any CPU.ActiveCfg = Release|Any CPU
		{329C5970-B37F-4075-ABCE-FD26764B806C}.Release|Any CPU.Build.0 = Release|Any CPU
		{11108520-D83A-4EC3-A727-69B25FAC7ED7}.Debug|Any CPU.ActiveCfg = Debug|Any CPU
		{11108520-D83A-4EC3-A727-69B25FAC7ED7}.Debug|Any CPU.Build.0 = Debug|Any CPU
		{11108520-D83A-4EC3-A727-69B25FAC7ED7}.Release|Any CPU.ActiveCfg = Release|Any CPU
		{11108520-D83A-4EC3-A727-69B25FAC7ED7}.Release|Any CPU.Build.0 = Release|Any CPU
		{D4C31938-7898-4D73-8C98-C3E63244B601}.Debug|Any CPU.ActiveCfg = Debug|Any CPU
		{D4C31938-7898-4D73-8C98-C3E63244B601}.Debug|Any CPU.Build.0 = Debug|Any CPU
		{D4C31938-7898-4D73-8C98-C3E63244B601}.Release|Any CPU.ActiveCfg = Release|Any CPU
		{D4C31938-7898-4D73-8C98-C3E63244B601}.Release|Any CPU.Build.0 = Release|Any CPU
		{6572809E-D4A9-454B-912A-3B4BE03659FD}.Debug|Any CPU.ActiveCfg = Debug|Any CPU
		{6572809E-D4A9-454B-912A-3B4BE03659FD}.Debug|Any CPU.Build.0 = Debug|Any CPU
		{6572809E-D4A9-454B-912A-3B4BE03659FD}.Release|Any CPU.ActiveCfg = Release|Any CPU
		{6572809E-D4A9-454B-912A-3B4BE03659FD}.Release|Any CPU.Build.0 = Release|Any CPU
		{29C84D92-7699-444D-8B33-07FAAAB1352B}.Debug|Any CPU.ActiveCfg = Debug|Any CPU
		{29C84D92-7699-444D-8B33-07FAAAB1352B}.Debug|Any CPU.Build.0 = Debug|Any CPU
		{29C84D92-7699-444D-8B33-07FAAAB1352B}.Release|Any CPU.ActiveCfg = Release|Any CPU
		{29C84D92-7699-444D-8B33-07FAAAB1352B}.Release|Any CPU.Build.0 = Release|Any CPU
	EndGlobalSection
	GlobalSection(SolutionProperties) = preSolution
		HideSolutionNode = FALSE
	EndGlobalSection
	GlobalSection(NestedProjects) = preSolution
		{A65A4906-A573-4F2A-80F2-C87ABCD8AE69} = {36E1C7B0-F50F-4098-A2CD-5B31B78B05D0}
		{DACC6A0D-7578-45D0-A960-D0DD4CF988E1} = {36E1C7B0-F50F-4098-A2CD-5B31B78B05D0}
		{329C5970-B37F-4075-ABCE-FD26764B806C} = {D2C5F9AE-46C6-4D03-870C-4AF199A9F621}
		{11108520-D83A-4EC3-A727-69B25FAC7ED7} = {D2C5F9AE-46C6-4D03-870C-4AF199A9F621}
		{D4C31938-7898-4D73-8C98-C3E63244B601} = {D2C5F9AE-46C6-4D03-870C-4AF199A9F621}
		{6572809E-D4A9-454B-912A-3B4BE03659FD} = {D2C5F9AE-46C6-4D03-870C-4AF199A9F621}
		{29C84D92-7699-444D-8B33-07FAAAB1352B} = {1E371838-12CD-4569-BE60-EE72D027B3FF}
	EndGlobalSection
	GlobalSection(ExtensibilityGlobals) = postSolution
		SolutionGuid = {8BA33595-8232-40AB-96C4-3CB72D83614D}
	EndGlobalSection
EndGlobal
